
Microsoft Visual Studio Solution File, Format Version 12.00
# Visual Studio Version 16
VisualStudioVersion = 16.0.33027.164
MinimumVisualStudioVersion = 10.0.40219.1
Project("{FAE04EC0-301F-11D3-BF4B-00C04F79EFBC}") = "SamplePractice", "SamplePractice\SamplePractice.csproj", "{BD2B13D1-65EC-4183-82A0-DF4EEFB5EF4C}"
EndProject
Global
	GlobalSection(SolutionConfigurationPlatforms) = preSolution
		Debug|Any CPU = Debug|Any CPU
		Release|Any CPU = Release|Any CPU
	EndGlobalSection
	GlobalSection(ProjectConfigurationPlatforms) = postSolution
		{BD2B13D1-65EC-4183-82A0-DF4EEFB5EF4C}.Debug|Any CPU.ActiveCfg = Debug|Any CPU
		{BD2B13D1-65EC-4183-82A0-DF4EEFB5EF4C}.Debug|Any CPU.Build.0 = Debug|Any CPU
		{BD2B13D1-65EC-4183-82A0-DF4EEFB5EF4C}.Release|Any CPU.ActiveCfg = Release|Any CPU
		{BD2B13D1-65EC-4183-82A0-DF4EEFB5EF4C}.Release|Any CPU.Build.0 = Release|Any CPU
	EndGlobalSection
	GlobalSection(SolutionProperties) = preSolution
		HideSolutionNode = FALSE
	EndGlobalSection
	GlobalSection(ExtensibilityGlobals) = postSolution
		SolutionGuid = {D1FA2675-9BA6-45BA-8193-3465478A811D}
	EndGlobalSection
EndGlobal
